
Microsoft Visual Studio Solution File, Format Version 12.00
# Visual Studio Version 17
VisualStudioVersion = 17.5.33516.290
MinimumVisualStudioVersion = 10.0.40219.1
Project("{FAE04EC0-301F-11D3-BF4B-00C04F79EFBC}") = "Baitap1", "Baitap1\Baitap1.csproj", "{097563E6-D179-403C-9CBA-6B8063B07466}"
EndProject
Project("{FAE04EC0-301F-11D3-BF4B-00C04F79EFBC}") = "Baitap2", "Baitap2\Baitap2.csproj", "{56E756E1-E51D-4A13-8AAA-F4835A583382}"
EndProject
Global
	GlobalSection(SolutionConfigurationPlatforms) = preSolution
		Debug|Any CPU = Debug|Any CPU
		Release|Any CPU = Release|Any CPU
	EndGlobalSection
	GlobalSection(ProjectConfigurationPlatforms) = postSolution
		{097563E6-D179-403C-9CBA-6B8063B07466}.Debug|Any CPU.ActiveCfg = Debug|Any CPU
		{097563E6-D179-403C-9CBA-6B8063B07466}.Debug|Any CPU.Build.0 = Debug|Any CPU
		{097563E6-D179-403C-9CBA-6B8063B07466}.Release|Any CPU.ActiveCfg = Release|Any CPU
		{097563E6-D179-403C-9CBA-6B8063B07466}.Release|Any CPU.Build.0 = Release|Any CPU
		{56E756E1-E51D-4A13-8AAA-F4835A583382}.Debug|Any CPU.ActiveCfg = Debug|Any CPU
		{56E756E1-E51D-4A13-8AAA-F4835A583382}.Debug|Any CPU.Build.0 = Debug|Any CPU
		{56E756E1-E51D-4A13-8AAA-F4835A583382}.Release|Any CPU.ActiveCfg = Release|Any CPU
		{56E756E1-E51D-4A13-8AAA-F4835A583382}.Release|Any CPU.Build.0 = Release|Any CPU
	EndGlobalSection
	GlobalSection(SolutionProperties) = preSolution
		HideSolutionNode = FALSE
	EndGlobalSection
	GlobalSection(ExtensibilityGlobals) = postSolution
		SolutionGuid = {009BA407-43A1-48E0-8EE7-5223E3EA8635}
	EndGlobalSection
EndGlobal
